
Microsoft Visual Studio Solution File, Format Version 12.00
# Visual Studio 15
VisualStudioVersion = 15.0.28307.1000
MinimumVisualStudioVersion = 10.0.40219.1
Project("{FAE04EC0-301F-11D3-BF4B-00C04F79EFBC}") = "NaukaDev.BLL", "NaukaDev.BLL\NaukaDev.BLL.csproj", "{3EE68EAB-5DC9-4E3F-ABBB-1779BF4CC83C}"
EndProject
Global
	GlobalSection(SolutionConfigurationPlatforms) = preSolution
		Debug|Any CPU = Debug|Any CPU
		Release|Any CPU = Release|Any CPU
	EndGlobalSection
	GlobalSection(ProjectConfigurationPlatforms) = postSolution
		{3EE68EAB-5DC9-4E3F-ABBB-1779BF4CC83C}.Debug|Any CPU.ActiveCfg = Debug|Any CPU
		{3EE68EAB-5DC9-4E3F-ABBB-1779BF4CC83C}.Debug|Any CPU.Build.0 = Debug|Any CPU
		{3EE68EAB-5DC9-4E3F-ABBB-1779BF4CC83C}.Release|Any CPU.ActiveCfg = Release|Any CPU
		{3EE68EAB-5DC9-4E3F-ABBB-1779BF4CC83C}.Release|Any CPU.Build.0 = Release|Any CPU
	EndGlobalSection
	GlobalSection(SolutionProperties) = preSolution
		HideSolutionNode = FALSE
	EndGlobalSection
	GlobalSection(ExtensibilityGlobals) = postSolution
		SolutionGuid = {6D4AC5EF-CA87-4C89-8C5F-ED1F7DEE9244}
	EndGlobalSection
EndGlobal
